
Microsoft Visual Studio Solution File, Format Version 12.00
# Visual Studio Version 17
VisualStudioVersion = 17.5.33424.131
MinimumVisualStudioVersion = 10.0.40219.1
Project("{FAE04EC0-301F-11D3-BF4B-00C04F79EFBC}") = "EAN13", "EAN13\EAN13.csproj", "{315C9995-9983-414A-A248-D78632A2C674}"
EndProject
Project("{FAE04EC0-301F-11D3-BF4B-00C04F79EFBC}") = "DataGrid", "DataGrid\DataGrid.csproj", "{052A6E2B-5EDD-4E48-A72B-09D40FCBC1C6}"
EndProject
Global
	GlobalSection(SolutionConfigurationPlatforms) = preSolution
		Debug|Any CPU = Debug|Any CPU
		Release|Any CPU = Release|Any CPU
	EndGlobalSection
	GlobalSection(ProjectConfigurationPlatforms) = postSolution
		{315C9995-9983-414A-A248-D78632A2C674}.Debug|Any CPU.ActiveCfg = Debug|Any CPU
		{315C9995-9983-414A-A248-D78632A2C674}.Debug|Any CPU.Build.0 = Debug|Any CPU
		{315C9995-9983-414A-A248-D78632A2C674}.Release|Any CPU.ActiveCfg = Release|Any CPU
		{315C9995-9983-414A-A248-D78632A2C674}.Release|Any CPU.Build.0 = Release|Any CPU
		{052A6E2B-5EDD-4E48-A72B-09D40FCBC1C6}.Debug|Any CPU.ActiveCfg = Debug|Any CPU
		{052A6E2B-5EDD-4E48-A72B-09D40FCBC1C6}.Debug|Any CPU.Build.0 = Debug|Any CPU
		{052A6E2B-5EDD-4E48-A72B-09D40FCBC1C6}.Release|Any CPU.ActiveCfg = Release|Any CPU
		{052A6E2B-5EDD-4E48-A72B-09D40FCBC1C6}.Release|Any CPU.Build.0 = Release|Any CPU
	EndGlobalSection
	GlobalSection(SolutionProperties) = preSolution
		HideSolutionNode = FALSE
	EndGlobalSection
	GlobalSection(ExtensibilityGlobals) = postSolution
		SolutionGuid = {A24843D4-C021-4822-9B2C-78A9460DCBF0}
	EndGlobalSection
EndGlobal
